{
  "version": 4,
  "terraform_version": "1.3.4",
  "serial": 5,
  "lineage": "1ceb5f59-375d-7260-d6e2-30e40f6c8b70",
  "outputs": {
    "sg_id": {
      "value": "sg-0d1568a115c774805",
      "type": "string"
    },
    "vpc_id": {
      "value": "vpc-0ae6d5dd6bf86b8b1",
      "type": "string"
    },
    "vpc_subnet1_id": {
      "value": "subnet-00b525790b9ab9603",
      "type": "string"
    },
    "vpc_subnet2_id": {
      "value": "subnet-082656e7f2706978c",
      "type": "string"
    },
    "vpc_subnet3_id": {
      "value": "subnet-0a2543f843de8423b",
      "type": "string"
    }
  },
  "resources": [
    {
      "mode": "data",
      "type": "terraform_remote_state",
      "name": "devopsb27-state",
      "provider": "provider[\"terraform.io/builtin/terraform\"]",
      "instances": [
        {
          "schema_version": 0,
          "attributes": {
            "backend": "s3",
            "config": {
              "value": {
                "bucket": "drtfb27statefile",
                "key": "terraform.tfstate",
                "region": "us-east-2"
              },
              "type": [
                "object",
                {
                  "bucket": "string",
                  "key": "string",
                  "region": "string"
                }
              ]
            },
            "defaults": null,
            "outputs": {
              "value": {
                "sg_id": "sg-0d1568a115c774805",
                "vpc_arn": "arn:aws:ec2:us-east-2:414161039379:vpc/vpc-0ae6d5dd6bf86b8b1",
                "vpc_id": "vpc-0ae6d5dd6bf86b8b1",
                "vpc_subnet1": "subnet-00b525790b9ab9603",
                "vpc_subnet2": "subnet-082656e7f2706978c",
                "vpc_subnet3": "subnet-0a2543f843de8423b"
              },
              "type": [
                "object",
                {
                  "sg_id": "string",
                  "vpc_arn": "string",
                  "vpc_id": "string",
                  "vpc_subnet1": "string",
                  "vpc_subnet2": "string",
                  "vpc_subnet3": "string"
                }
              ]
            },
            "workspace": null
          },
          "sensitive_attributes": []
        }
      ]
    },
    {
      "mode": "managed",
      "type": "aws_instance",
      "name": "web-1",
      "provider": "provider[\"registry.terraform.io/hashicorp/aws\"]",
      "instances": [
        {
          "schema_version": 1,
          "attributes": {
            "ami": "ami-0d5bf08bc8017c83b",
            "arn": "arn:aws:ec2:us-east-2:414161039379:instance/i-07ff5629e43043568",
            "associate_public_ip_address": true,
            "availability_zone": "us-east-2a",
            "capacity_reservation_specification": [
              {
                "capacity_reservation_preference": "open",
                "capacity_reservation_target": []
              }
            ],
            "cpu_core_count": 1,
            "cpu_threads_per_core": 1,
            "credit_specification": [
              {
                "cpu_credits": "standard"
              }
            ],
            "disable_api_stop": false,
            "disable_api_termination": false,
            "ebs_block_device": [],
            "ebs_optimized": false,
            "enclave_options": [
              {
                "enabled": false
              }
            ],
            "ephemeral_block_device": [],
            "get_password_data": false,
            "hibernation": false,
            "host_id": null,
            "host_resource_group_arn": null,
            "iam_instance_profile": "",
            "id": "i-07ff5629e43043568",
            "instance_initiated_shutdown_behavior": "stop",
            "instance_state": "running",
            "instance_type": "t2.micro",
            "ipv6_address_count": 0,
            "ipv6_addresses": [],
            "key_name": "ohio",
            "launch_template": [],
            "maintenance_options": [
              {
                "auto_recovery": "default"
              }
            ],
            "metadata_options": [
              {
                "http_endpoint": "enabled",
                "http_put_response_hop_limit": 1,
                "http_tokens": "optional",
                "instance_metadata_tags": "disabled"
              }
            ],
            "monitoring": false,
            "network_interface": [],
            "outpost_arn": "",
            "password_data": "",
            "placement_group": "",
            "placement_partition_number": null,
            "primary_network_interface_id": "eni-014226dbb52a18c2b",
            "private_dns": "ip-10-95-1-227.us-east-2.compute.internal",
            "private_dns_name_options": [
              {
                "enable_resource_name_dns_a_record": false,
                "enable_resource_name_dns_aaaa_record": false,
                "hostname_type": "ip-name"
              }
            ],
            "private_ip": "10.95.1.227",
            "public_dns": "ec2-18-188-34-38.us-east-2.compute.amazonaws.com",
            "public_ip": "18.188.34.38",
            "root_block_device": [
              {
                "delete_on_termination": true,
                "device_name": "/dev/sda1",
                "encrypted": false,
                "iops": 100,
                "kms_key_id": "",
                "tags": {},
                "throughput": 0,
                "volume_id": "vol-038531ae6b865c0c7",
                "volume_size": 8,
                "volume_type": "gp2"
              }
            ],
            "secondary_private_ips": [],
            "security_groups": [],
            "source_dest_check": true,
            "subnet_id": "subnet-00b525790b9ab9603",
            "tags": {
              "CostCenter": "ABCD",
              "Env": "Prod",
              "Name": "Test-Server-1",
              "Owner": "Raja"
            },
            "tags_all": {
              "CostCenter": "ABCD",
              "Env": "Prod",
              "Name": "Test-Server-1",
              "Owner": "Raja"
            },
            "tenancy": "default",
            "timeouts": null,
            "user_data": "045d2defad134982dddc668543c0f28bbdbcaec0",
            "user_data_base64": null,
            "user_data_replace_on_change": false,
            "volume_tags": null,
            "vpc_security_group_ids": [
              "sg-0d1568a115c774805"
            ]
          },
          "sensitive_attributes": [],
          "private": "eyJlMmJmYjczMC1lY2FhLTExZTYtOGY4OC0zNDM2M2JjN2M0YzAiOnsiY3JlYXRlIjo2MDAwMDAwMDAwMDAsImRlbGV0ZSI6MTIwMDAwMDAwMDAwMCwidXBkYXRlIjo2MDAwMDAwMDAwMDB9LCJzY2hlbWFfdmVyc2lvbiI6IjEifQ==",
          "dependencies": [
            "data.terraform_remote_state.devopsb27-state"
          ]
        }
      ]
    }
  ],
  "check_results": null
}
